
Microsoft Visual Studio Solution File, Format Version 12.00
# Visual Studio Version 17
VisualStudioVersion = 17.11.35312.102
MinimumVisualStudioVersion = 10.0.40219.1
Project("{2150E333-8FDC-42A3-9474-1A3956D46DE8}") = "Acceso de Datos", "Acceso de Datos", "{32F3C80E-8D64-4096-AF4E-E589A7D211A1}"
EndProject
Project("{2150E333-8FDC-42A3-9474-1A3956D46DE8}") = "Lógica de Negocio", "Lógica de Negocio", "{31BCD9CC-981B-4CB3-907F-6DFEF79B1BD5}"
EndProject
Project("{2150E333-8FDC-42A3-9474-1A3956D46DE8}") = "Presentación", "Presentación", "{580D7C2D-2B1B-4D79-A4A1-8478B3ADCFA7}"
EndProject
Project("{FAE04EC0-301F-11D3-BF4B-00C04F79EFBC}") = "AccesodeDatos", "AccesodeDatos\AccesodeDatos.csproj", "{621BC406-1197-4D7C-AF5B-C89421A08984}"
EndProject
Project("{FAE04EC0-301F-11D3-BF4B-00C04F79EFBC}") = "LogicaNegocio", "LogicaNegocio\LogicaNegocio.csproj", "{D4574FEF-ED87-416E-A73D-82CD4411BFAE}"
EndProject
Project("{FAE04EC0-301F-11D3-BF4B-00C04F79EFBC}") = "Presentación", "Presentación\Presentación.csproj", "{C7A36193-3CE1-4D89-88CC-39C5A360F043}"
EndProject
Global
	GlobalSection(SolutionConfigurationPlatforms) = preSolution
		Debug|Any CPU = Debug|Any CPU
		Release|Any CPU = Release|Any CPU
	EndGlobalSection
	GlobalSection(ProjectConfigurationPlatforms) = postSolution
		{621BC406-1197-4D7C-AF5B-C89421A08984}.Debug|Any CPU.ActiveCfg = Debug|Any CPU
		{621BC406-1197-4D7C-AF5B-C89421A08984}.Debug|Any CPU.Build.0 = Debug|Any CPU
		{621BC406-1197-4D7C-AF5B-C89421A08984}.Release|Any CPU.ActiveCfg = Release|Any CPU
		{621BC406-1197-4D7C-AF5B-C89421A08984}.Release|Any CPU.Build.0 = Release|Any CPU
		{D4574FEF-ED87-416E-A73D-82CD4411BFAE}.Debug|Any CPU.ActiveCfg = Debug|Any CPU
		{D4574FEF-ED87-416E-A73D-82CD4411BFAE}.Debug|Any CPU.Build.0 = Debug|Any CPU
		{D4574FEF-ED87-416E-A73D-82CD4411BFAE}.Release|Any CPU.ActiveCfg = Release|Any CPU
		{D4574FEF-ED87-416E-A73D-82CD4411BFAE}.Release|Any CPU.Build.0 = Release|Any CPU
		{C7A36193-3CE1-4D89-88CC-39C5A360F043}.Debug|Any CPU.ActiveCfg = Debug|Any CPU
		{C7A36193-3CE1-4D89-88CC-39C5A360F043}.Debug|Any CPU.Build.0 = Debug|Any CPU
		{C7A36193-3CE1-4D89-88CC-39C5A360F043}.Release|Any CPU.ActiveCfg = Release|Any CPU
		{C7A36193-3CE1-4D89-88CC-39C5A360F043}.Release|Any CPU.Build.0 = Release|Any CPU
	EndGlobalSection
	GlobalSection(SolutionProperties) = preSolution
		HideSolutionNode = FALSE
	EndGlobalSection
	GlobalSection(NestedProjects) = preSolution
		{621BC406-1197-4D7C-AF5B-C89421A08984} = {32F3C80E-8D64-4096-AF4E-E589A7D211A1}
		{D4574FEF-ED87-416E-A73D-82CD4411BFAE} = {31BCD9CC-981B-4CB3-907F-6DFEF79B1BD5}
		{C7A36193-3CE1-4D89-88CC-39C5A360F043} = {580D7C2D-2B1B-4D79-A4A1-8478B3ADCFA7}
	EndGlobalSection
	GlobalSection(ExtensibilityGlobals) = postSolution
		SolutionGuid = {9810878B-6993-4D7F-8EEC-262B93D2113C}
	EndGlobalSection
EndGlobal
